
Microsoft Visual Studio Solution File, Format Version 12.00
# Visual Studio Version 16
VisualStudioVersion = 16.0.28922.388
MinimumVisualStudioVersion = 10.0.40219.1
Project("{9A19103F-16F7-4668-BE54-9A1E7A4F7556}") = "p01.GenericBoxOfString", "p01.GenericBoxOfString\p01.GenericBoxOfString.csproj", "{D0C96727-94AF-43C4-B93B-609ADD3C7216}"
EndProject
Project("{FAE04EC0-301F-11D3-BF4B-00C04F79EFBC}") = "p02.GenericBoxOfInt", "p02.GenericBoxOfInt\p02.GenericBoxOfInt.csproj", "{B025617C-E646-4712-9457-AA56D9BBD0D0}"
EndProject
Project("{FAE04EC0-301F-11D3-BF4B-00C04F79EFBC}") = "p03.GenericSwapMethodStrings", "p03.GenericSwapMethodStrings\p03.GenericSwapMethodStrings.csproj", "{D7277CFD-7D6F-4717-BB7C-1A87158B449F}"
EndProject
Project("{FAE04EC0-301F-11D3-BF4B-00C04F79EFBC}") = "p04.GenercSwapMethodInt", "p04.GenercSwapMethodInt\p04.GenercSwapMethodInt.csproj", "{866091E8-3150-4CF2-8DB3-A3DAF6279B9A}"
EndProject
Project("{FAE04EC0-301F-11D3-BF4B-00C04F79EFBC}") = "p05.GenericCountMethodStrings", "p05.GenericCountMethodStrings\p05.GenericCountMethodStrings.csproj", "{CEA1DD39-2BBE-41EA-BC37-1186C6FA25A8}"
EndProject
Project("{FAE04EC0-301F-11D3-BF4B-00C04F79EFBC}") = "p06.GenericCountMethodDouble", "p06.GenericCountMethodDouble\p06.GenericCountMethodDouble.csproj", "{1C8B449E-7C26-4463-8E9F-3C6703E95AD4}"
EndProject
Project("{FAE04EC0-301F-11D3-BF4B-00C04F79EFBC}") = "p07.Tuple", "p07.Tuple\p07.Tuple.csproj", "{B0DF73A2-7DC8-497E-BB1C-4F7187A0C6DD}"
EndProject
Project("{FAE04EC0-301F-11D3-BF4B-00C04F79EFBC}") = "p08.Threeuple", "p08.Threeuple\p08.Threeuple.csproj", "{610338E8-3C12-4D65-9FE5-4180FFE1DE03}"
EndProject
Project("{FAE04EC0-301F-11D3-BF4B-00C04F79EFBC}") = "p09.CustomLinkedList", "p09.CustomLinkedList\p09.CustomLinkedList.csproj", "{7F1F1746-A73D-4067-A3A2-19791EFD931E}"
EndProject
Global
	GlobalSection(SolutionConfigurationPlatforms) = preSolution
		Debug|Any CPU = Debug|Any CPU
		Release|Any CPU = Release|Any CPU
	EndGlobalSection
	GlobalSection(ProjectConfigurationPlatforms) = postSolution
		{D0C96727-94AF-43C4-B93B-609ADD3C7216}.Debug|Any CPU.ActiveCfg = Debug|Any CPU
		{D0C96727-94AF-43C4-B93B-609ADD3C7216}.Debug|Any CPU.Build.0 = Debug|Any CPU
		{D0C96727-94AF-43C4-B93B-609ADD3C7216}.Release|Any CPU.ActiveCfg = Release|Any CPU
		{D0C96727-94AF-43C4-B93B-609ADD3C7216}.Release|Any CPU.Build.0 = Release|Any CPU
		{B025617C-E646-4712-9457-AA56D9BBD0D0}.Debug|Any CPU.ActiveCfg = Debug|Any CPU
		{B025617C-E646-4712-9457-AA56D9BBD0D0}.Debug|Any CPU.Build.0 = Debug|Any CPU
		{B025617C-E646-4712-9457-AA56D9BBD0D0}.Release|Any CPU.ActiveCfg = Release|Any CPU
		{B025617C-E646-4712-9457-AA56D9BBD0D0}.Release|Any CPU.Build.0 = Release|Any CPU
		{D7277CFD-7D6F-4717-BB7C-1A87158B449F}.Debug|Any CPU.ActiveCfg = Debug|Any CPU
		{D7277CFD-7D6F-4717-BB7C-1A87158B449F}.Debug|Any CPU.Build.0 = Debug|Any CPU
		{D7277CFD-7D6F-4717-BB7C-1A87158B449F}.Release|Any CPU.ActiveCfg = Release|Any CPU
		{D7277CFD-7D6F-4717-BB7C-1A87158B449F}.Release|Any CPU.Build.0 = Release|Any CPU
		{866091E8-3150-4CF2-8DB3-A3DAF6279B9A}.Debug|Any CPU.ActiveCfg = Debug|Any CPU
		{866091E8-3150-4CF2-8DB3-A3DAF6279B9A}.Debug|Any CPU.Build.0 = Debug|Any CPU
		{866091E8-3150-4CF2-8DB3-A3DAF6279B9A}.Release|Any CPU.ActiveCfg = Release|Any CPU
		{866091E8-3150-4CF2-8DB3-A3DAF6279B9A}.Release|Any CPU.Build.0 = Release|Any CPU
		{CEA1DD39-2BBE-41EA-BC37-1186C6FA25A8}.Debug|Any CPU.ActiveCfg = Debug|Any CPU
		{CEA1DD39-2BBE-41EA-BC37-1186C6FA25A8}.Debug|Any CPU.Build.0 = Debug|Any CPU
		{CEA1DD39-2BBE-41EA-BC37-1186C6FA25A8}.Release|Any CPU.ActiveCfg = Release|Any CPU
		{CEA1DD39-2BBE-41EA-BC37-1186C6FA25A8}.Release|Any CPU.Build.0 = Release|Any CPU
		{1C8B449E-7C26-4463-8E9F-3C6703E95AD4}.Debug|Any CPU.ActiveCfg = Debug|Any CPU
		{1C8B449E-7C26-4463-8E9F-3C6703E95AD4}.Debug|Any CPU.Build.0 = Debug|Any CPU
		{1C8B449E-7C26-4463-8E9F-3C6703E95AD4}.Release|Any CPU.ActiveCfg = Release|Any CPU
		{1C8B449E-7C26-4463-8E9F-3C6703E95AD4}.Release|Any CPU.Build.0 = Release|Any CPU
		{B0DF73A2-7DC8-497E-BB1C-4F7187A0C6DD}.Debug|Any CPU.ActiveCfg = Debug|Any CPU
		{B0DF73A2-7DC8-497E-BB1C-4F7187A0C6DD}.Debug|Any CPU.Build.0 = Debug|Any CPU
		{B0DF73A2-7DC8-497E-BB1C-4F7187A0C6DD}.Release|Any CPU.ActiveCfg = Release|Any CPU
		{B0DF73A2-7DC8-497E-BB1C-4F7187A0C6DD}.Release|Any CPU.Build.0 = Release|Any CPU
		{610338E8-3C12-4D65-9FE5-4180FFE1DE03}.Debug|Any CPU.ActiveCfg = Debug|Any CPU
		{610338E8-3C12-4D65-9FE5-4180FFE1DE03}.Debug|Any CPU.Build.0 = Debug|Any CPU
		{610338E8-3C12-4D65-9FE5-4180FFE1DE03}.Release|Any CPU.ActiveCfg = Release|Any CPU
		{610338E8-3C12-4D65-9FE5-4180FFE1DE03}.Release|Any CPU.Build.0 = Release|Any CPU
		{7F1F1746-A73D-4067-A3A2-19791EFD931E}.Debug|Any CPU.ActiveCfg = Debug|Any CPU
		{7F1F1746-A73D-4067-A3A2-19791EFD931E}.Debug|Any CPU.Build.0 = Debug|Any CPU
		{7F1F1746-A73D-4067-A3A2-19791EFD931E}.Release|Any CPU.ActiveCfg = Release|Any CPU
		{7F1F1746-A73D-4067-A3A2-19791EFD931E}.Release|Any CPU.Build.0 = Release|Any CPU
	EndGlobalSection
	GlobalSection(SolutionProperties) = preSolution
		HideSolutionNode = FALSE
	EndGlobalSection
	GlobalSection(ExtensibilityGlobals) = postSolution
		SolutionGuid = {B1084624-CE4A-4C36-BA3D-E5AABDFB528B}
	EndGlobalSection
EndGlobal
