
Microsoft Visual Studio Solution File, Format Version 12.00
# Visual Studio Version 16
VisualStudioVersion = 16.0.28803.452
MinimumVisualStudioVersion = 10.0.40219.1
Project("{9A19103F-16F7-4668-BE54-9A1E7A4F7556}") = "p01.Sum Matrix Elements", "p01.Sum Matrix Elements\p01.Sum Matrix Elements.csproj", "{7392EB98-5843-45A6-B313-CD556ACDB14D}"
EndProject
Project("{FAE04EC0-301F-11D3-BF4B-00C04F79EFBC}") = "p02.Sum Matrix Columns", "p02.Sum Matrix Columns\p02.Sum Matrix Columns.csproj", "{640CD744-6198-4936-9940-26AE61592AAF}"
EndProject
Global
	GlobalSection(SolutionConfigurationPlatforms) = preSolution
		Debug|Any CPU = Debug|Any CPU
		Release|Any CPU = Release|Any CPU
	EndGlobalSection
	GlobalSection(ProjectConfigurationPlatforms) = postSolution
		{7392EB98-5843-45A6-B313-CD556ACDB14D}.Debug|Any CPU.ActiveCfg = Debug|Any CPU
		{7392EB98-5843-45A6-B313-CD556ACDB14D}.Debug|Any CPU.Build.0 = Debug|Any CPU
		{7392EB98-5843-45A6-B313-CD556ACDB14D}.Release|Any CPU.ActiveCfg = Release|Any CPU
		{7392EB98-5843-45A6-B313-CD556ACDB14D}.Release|Any CPU.Build.0 = Release|Any CPU
		{640CD744-6198-4936-9940-26AE61592AAF}.Debug|Any CPU.ActiveCfg = Debug|Any CPU
		{640CD744-6198-4936-9940-26AE61592AAF}.Debug|Any CPU.Build.0 = Debug|Any CPU
		{640CD744-6198-4936-9940-26AE61592AAF}.Release|Any CPU.ActiveCfg = Release|Any CPU
		{640CD744-6198-4936-9940-26AE61592AAF}.Release|Any CPU.Build.0 = Release|Any CPU
	EndGlobalSection
	GlobalSection(SolutionProperties) = preSolution
		HideSolutionNode = FALSE
	EndGlobalSection
	GlobalSection(ExtensibilityGlobals) = postSolution
		SolutionGuid = {BBD266E9-4A99-4BA1-AD34-2FC3A9D5CD14}
	EndGlobalSection
EndGlobal
