
Microsoft Visual Studio Solution File, Format Version 12.00
# Visual Studio Version 16
VisualStudioVersion = 16.0.29025.244
MinimumVisualStudioVersion = 10.0.40219.1
Project("{FAE04EC0-301F-11D3-BF4B-00C04F79EFBC}") = "Logger", "Logger\Logger.csproj", "{B1F891CB-E1C4-4F50-9D3E-247D08D6BDE0}"
EndProject
Global
	GlobalSection(SolutionConfigurationPlatforms) = preSolution
		Debug|Any CPU = Debug|Any CPU
		Release|Any CPU = Release|Any CPU
	EndGlobalSection
	GlobalSection(ProjectConfigurationPlatforms) = postSolution
		{B1F891CB-E1C4-4F50-9D3E-247D08D6BDE0}.Debug|Any CPU.ActiveCfg = Debug|Any CPU
		{B1F891CB-E1C4-4F50-9D3E-247D08D6BDE0}.Debug|Any CPU.Build.0 = Debug|Any CPU
		{B1F891CB-E1C4-4F50-9D3E-247D08D6BDE0}.Release|Any CPU.ActiveCfg = Release|Any CPU
		{B1F891CB-E1C4-4F50-9D3E-247D08D6BDE0}.Release|Any CPU.Build.0 = Release|Any CPU
	EndGlobalSection
	GlobalSection(SolutionProperties) = preSolution
		HideSolutionNode = FALSE
	EndGlobalSection
	GlobalSection(ExtensibilityGlobals) = postSolution
		SolutionGuid = {6D83F30E-D203-49C7-983E-8F96D295B53E}
	EndGlobalSection
EndGlobal
