
Microsoft Visual Studio Solution File, Format Version 12.00
# Visual Studio Version 16
VisualStudioVersion = 16.0.28803.452
MinimumVisualStudioVersion = 10.0.40219.1
Project("{9A19103F-16F7-4668-BE54-9A1E7A4F7556}") = "p01.Even Lines", "p01.Even Lines\p01.Even Lines.csproj", "{9E359EC4-8D6F-4949-B067-016ADE826A7A}"
EndProject
Project("{FAE04EC0-301F-11D3-BF4B-00C04F79EFBC}") = "p02.Line Numbers", "p02.Line Numbers\p02.Line Numbers.csproj", "{48FF0E91-6236-4C72-BB2A-E5C4CF5BBFC0}"
EndProject
Global
	GlobalSection(SolutionConfigurationPlatforms) = preSolution
		Debug|Any CPU = Debug|Any CPU
		Release|Any CPU = Release|Any CPU
	EndGlobalSection
	GlobalSection(ProjectConfigurationPlatforms) = postSolution
		{9E359EC4-8D6F-4949-B067-016ADE826A7A}.Debug|Any CPU.ActiveCfg = Debug|Any CPU
		{9E359EC4-8D6F-4949-B067-016ADE826A7A}.Debug|Any CPU.Build.0 = Debug|Any CPU
		{9E359EC4-8D6F-4949-B067-016ADE826A7A}.Release|Any CPU.ActiveCfg = Release|Any CPU
		{9E359EC4-8D6F-4949-B067-016ADE826A7A}.Release|Any CPU.Build.0 = Release|Any CPU
		{48FF0E91-6236-4C72-BB2A-E5C4CF5BBFC0}.Debug|Any CPU.ActiveCfg = Debug|Any CPU
		{48FF0E91-6236-4C72-BB2A-E5C4CF5BBFC0}.Debug|Any CPU.Build.0 = Debug|Any CPU
		{48FF0E91-6236-4C72-BB2A-E5C4CF5BBFC0}.Release|Any CPU.ActiveCfg = Release|Any CPU
		{48FF0E91-6236-4C72-BB2A-E5C4CF5BBFC0}.Release|Any CPU.Build.0 = Release|Any CPU
	EndGlobalSection
	GlobalSection(SolutionProperties) = preSolution
		HideSolutionNode = FALSE
	EndGlobalSection
	GlobalSection(ExtensibilityGlobals) = postSolution
		SolutionGuid = {0CFEF7D5-D7C6-41A4-81FC-F86C868008A5}
	EndGlobalSection
EndGlobal
