
Microsoft Visual Studio Solution File, Format Version 12.00
# Visual Studio Version 16
VisualStudioVersion = 16.0.29025.244
MinimumVisualStudioVersion = 10.0.40219.1
Project("{9A19103F-16F7-4668-BE54-9A1E7A4F7556}") = "PersonInfo", "DefineAnInterfaceIPerson\PersonInfo.csproj", "{5594C254-1963-40E7-8CC8-36B31E9F5456}"
EndProject
Project("{9A19103F-16F7-4668-BE54-9A1E7A4F7556}") = "PersonInfoExtended", "MultipleImplementation\PersonInfoExtended.csproj", "{D60D86BF-7013-419B-8D93-F1A8DB267EE3}"
EndProject
Project("{FAE04EC0-301F-11D3-BF4B-00C04F79EFBC}") = "Ferrari", "Ferrari\Ferrari.csproj", "{E0061578-AD16-4886-92D5-89EBF1FD8C02}"
EndProject
Global
	GlobalSection(SolutionConfigurationPlatforms) = preSolution
		Debug|Any CPU = Debug|Any CPU
		Release|Any CPU = Release|Any CPU
	EndGlobalSection
	GlobalSection(ProjectConfigurationPlatforms) = postSolution
		{5594C254-1963-40E7-8CC8-36B31E9F5456}.Debug|Any CPU.ActiveCfg = Debug|Any CPU
		{5594C254-1963-40E7-8CC8-36B31E9F5456}.Debug|Any CPU.Build.0 = Debug|Any CPU
		{5594C254-1963-40E7-8CC8-36B31E9F5456}.Release|Any CPU.ActiveCfg = Release|Any CPU
		{5594C254-1963-40E7-8CC8-36B31E9F5456}.Release|Any CPU.Build.0 = Release|Any CPU
		{D60D86BF-7013-419B-8D93-F1A8DB267EE3}.Debug|Any CPU.ActiveCfg = Debug|Any CPU
		{D60D86BF-7013-419B-8D93-F1A8DB267EE3}.Debug|Any CPU.Build.0 = Debug|Any CPU
		{D60D86BF-7013-419B-8D93-F1A8DB267EE3}.Release|Any CPU.ActiveCfg = Release|Any CPU
		{D60D86BF-7013-419B-8D93-F1A8DB267EE3}.Release|Any CPU.Build.0 = Release|Any CPU
		{E0061578-AD16-4886-92D5-89EBF1FD8C02}.Debug|Any CPU.ActiveCfg = Debug|Any CPU
		{E0061578-AD16-4886-92D5-89EBF1FD8C02}.Debug|Any CPU.Build.0 = Debug|Any CPU
		{E0061578-AD16-4886-92D5-89EBF1FD8C02}.Release|Any CPU.ActiveCfg = Release|Any CPU
		{E0061578-AD16-4886-92D5-89EBF1FD8C02}.Release|Any CPU.Build.0 = Release|Any CPU
	EndGlobalSection
	GlobalSection(SolutionProperties) = preSolution
		HideSolutionNode = FALSE
	EndGlobalSection
	GlobalSection(ExtensibilityGlobals) = postSolution
		SolutionGuid = {F276F3CE-0E57-49FE-BF8D-B02A60D7DCA1}
	EndGlobalSection
EndGlobal
