
Microsoft Visual Studio Solution File, Format Version 12.00
# Visual Studio Version 16
VisualStudioVersion = 16.0.28803.452
MinimumVisualStudioVersion = 10.0.40219.1
Project("{9A19103F-16F7-4668-BE54-9A1E7A4F7556}") = "p01.Basic Stack Operations", "p01.Basic Stack Operations\p01.Basic Stack Operations.csproj", "{37C9FE68-199D-48A7-8105-874855D75A02}"
EndProject
Project("{9A19103F-16F7-4668-BE54-9A1E7A4F7556}") = "p02.Basic Queue Operations", "p02.Basic Queue Operations\p02.Basic Queue Operations.csproj", "{D921CCA2-917B-440D-AD1D-BB23129BA1EF}"
EndProject
Project("{FAE04EC0-301F-11D3-BF4B-00C04F79EFBC}") = "p03.Maximum And Minimum Element", "p03.Maximum And Minimum Element\p03.Maximum And Minimum Element.csproj", "{A7FAB63E-0620-40EB-8FF3-896674E3CA74}"
EndProject
Project("{FAE04EC0-301F-11D3-BF4B-00C04F79EFBC}") = "p04.Fast Food", "p04.Fast Food\p04.Fast Food.csproj", "{A52DD00A-1653-4283-847E-DAEBAE89D628}"
EndProject
Global
	GlobalSection(SolutionConfigurationPlatforms) = preSolution
		Debug|Any CPU = Debug|Any CPU
		Release|Any CPU = Release|Any CPU
	EndGlobalSection
	GlobalSection(ProjectConfigurationPlatforms) = postSolution
		{37C9FE68-199D-48A7-8105-874855D75A02}.Debug|Any CPU.ActiveCfg = Debug|Any CPU
		{37C9FE68-199D-48A7-8105-874855D75A02}.Debug|Any CPU.Build.0 = Debug|Any CPU
		{37C9FE68-199D-48A7-8105-874855D75A02}.Release|Any CPU.ActiveCfg = Release|Any CPU
		{37C9FE68-199D-48A7-8105-874855D75A02}.Release|Any CPU.Build.0 = Release|Any CPU
		{D921CCA2-917B-440D-AD1D-BB23129BA1EF}.Debug|Any CPU.ActiveCfg = Debug|Any CPU
		{D921CCA2-917B-440D-AD1D-BB23129BA1EF}.Debug|Any CPU.Build.0 = Debug|Any CPU
		{D921CCA2-917B-440D-AD1D-BB23129BA1EF}.Release|Any CPU.ActiveCfg = Release|Any CPU
		{D921CCA2-917B-440D-AD1D-BB23129BA1EF}.Release|Any CPU.Build.0 = Release|Any CPU
		{A7FAB63E-0620-40EB-8FF3-896674E3CA74}.Debug|Any CPU.ActiveCfg = Debug|Any CPU
		{A7FAB63E-0620-40EB-8FF3-896674E3CA74}.Debug|Any CPU.Build.0 = Debug|Any CPU
		{A7FAB63E-0620-40EB-8FF3-896674E3CA74}.Release|Any CPU.ActiveCfg = Release|Any CPU
		{A7FAB63E-0620-40EB-8FF3-896674E3CA74}.Release|Any CPU.Build.0 = Release|Any CPU
		{A52DD00A-1653-4283-847E-DAEBAE89D628}.Debug|Any CPU.ActiveCfg = Debug|Any CPU
		{A52DD00A-1653-4283-847E-DAEBAE89D628}.Debug|Any CPU.Build.0 = Debug|Any CPU
		{A52DD00A-1653-4283-847E-DAEBAE89D628}.Release|Any CPU.ActiveCfg = Release|Any CPU
		{A52DD00A-1653-4283-847E-DAEBAE89D628}.Release|Any CPU.Build.0 = Release|Any CPU
	EndGlobalSection
	GlobalSection(SolutionProperties) = preSolution
		HideSolutionNode = FALSE
	EndGlobalSection
	GlobalSection(ExtensibilityGlobals) = postSolution
		SolutionGuid = {EBECF460-7288-442D-8375-DA9706353077}
	EndGlobalSection
EndGlobal
