
Microsoft Visual Studio Solution File, Format Version 12.00
# Visual Studio Version 16
VisualStudioVersion = 16.0.28803.452
MinimumVisualStudioVersion = 10.0.40219.1
Project("{9A19103F-16F7-4668-BE54-9A1E7A4F7556}") = "p01.Reverse Strings", "p01.Reverse Strings\p01.Reverse Strings.csproj", "{891C2E62-19B2-40DC-ACAE-A123FB6C8512}"
EndProject
Project("{9A19103F-16F7-4668-BE54-9A1E7A4F7556}") = "p02.Stack Sum", "p02.Stack Sum\p02.Stack Sum.csproj", "{4CE2CCC7-AD4F-4BF3-BAF5-F5305EFE83FF}"
EndProject
Project("{9A19103F-16F7-4668-BE54-9A1E7A4F7556}") = "p03.Simple Calculator", "p03.Simple Calculator\p03.Simple Calculator.csproj", "{F42D36B3-221A-4E95-BF9C-CC80B96C07EB}"
EndProject
Project("{FAE04EC0-301F-11D3-BF4B-00C04F79EFBC}") = "p04.Matching Brackets", "p04.Matching Brackets\p04.Matching Brackets.csproj", "{CEA149DE-4011-41D8-8327-E6CF65241E55}"
EndProject
Project("{FAE04EC0-301F-11D3-BF4B-00C04F79EFBC}") = "p05.Print Even Numbers", "p05.Print Even Numbers\p05.Print Even Numbers.csproj", "{F38A4A0A-0067-4DDA-91F1-A4BA36457A43}"
EndProject
Project("{FAE04EC0-301F-11D3-BF4B-00C04F79EFBC}") = "p06.Supermarket", "p06.Supermarket\p06.Supermarket.csproj", "{7663E8D4-756B-4414-AD2A-3C73C3782FCF}"
EndProject
Project("{FAE04EC0-301F-11D3-BF4B-00C04F79EFBC}") = "p07.Hot Potato", "p07.Hot Potato\p07.Hot Potato.csproj", "{68631D39-7B12-49A1-A99C-C6063C9018CD}"
EndProject
Project("{FAE04EC0-301F-11D3-BF4B-00C04F79EFBC}") = "p08.Traffic Jam", "p08.Traffic Jam\p08.Traffic Jam.csproj", "{257CDFCC-0102-40B5-8CC0-0EA8127B6399}"
EndProject
Global
	GlobalSection(SolutionConfigurationPlatforms) = preSolution
		Debug|Any CPU = Debug|Any CPU
		Release|Any CPU = Release|Any CPU
	EndGlobalSection
	GlobalSection(ProjectConfigurationPlatforms) = postSolution
		{891C2E62-19B2-40DC-ACAE-A123FB6C8512}.Debug|Any CPU.ActiveCfg = Debug|Any CPU
		{891C2E62-19B2-40DC-ACAE-A123FB6C8512}.Debug|Any CPU.Build.0 = Debug|Any CPU
		{891C2E62-19B2-40DC-ACAE-A123FB6C8512}.Release|Any CPU.ActiveCfg = Release|Any CPU
		{891C2E62-19B2-40DC-ACAE-A123FB6C8512}.Release|Any CPU.Build.0 = Release|Any CPU
		{4CE2CCC7-AD4F-4BF3-BAF5-F5305EFE83FF}.Debug|Any CPU.ActiveCfg = Debug|Any CPU
		{4CE2CCC7-AD4F-4BF3-BAF5-F5305EFE83FF}.Debug|Any CPU.Build.0 = Debug|Any CPU
		{4CE2CCC7-AD4F-4BF3-BAF5-F5305EFE83FF}.Release|Any CPU.ActiveCfg = Release|Any CPU
		{4CE2CCC7-AD4F-4BF3-BAF5-F5305EFE83FF}.Release|Any CPU.Build.0 = Release|Any CPU
		{F42D36B3-221A-4E95-BF9C-CC80B96C07EB}.Debug|Any CPU.ActiveCfg = Debug|Any CPU
		{F42D36B3-221A-4E95-BF9C-CC80B96C07EB}.Debug|Any CPU.Build.0 = Debug|Any CPU
		{F42D36B3-221A-4E95-BF9C-CC80B96C07EB}.Release|Any CPU.ActiveCfg = Release|Any CPU
		{F42D36B3-221A-4E95-BF9C-CC80B96C07EB}.Release|Any CPU.Build.0 = Release|Any CPU
		{CEA149DE-4011-41D8-8327-E6CF65241E55}.Debug|Any CPU.ActiveCfg = Debug|Any CPU
		{CEA149DE-4011-41D8-8327-E6CF65241E55}.Debug|Any CPU.Build.0 = Debug|Any CPU
		{CEA149DE-4011-41D8-8327-E6CF65241E55}.Release|Any CPU.ActiveCfg = Release|Any CPU
		{CEA149DE-4011-41D8-8327-E6CF65241E55}.Release|Any CPU.Build.0 = Release|Any CPU
		{F38A4A0A-0067-4DDA-91F1-A4BA36457A43}.Debug|Any CPU.ActiveCfg = Debug|Any CPU
		{F38A4A0A-0067-4DDA-91F1-A4BA36457A43}.Debug|Any CPU.Build.0 = Debug|Any CPU
		{F38A4A0A-0067-4DDA-91F1-A4BA36457A43}.Release|Any CPU.ActiveCfg = Release|Any CPU
		{F38A4A0A-0067-4DDA-91F1-A4BA36457A43}.Release|Any CPU.Build.0 = Release|Any CPU
		{7663E8D4-756B-4414-AD2A-3C73C3782FCF}.Debug|Any CPU.ActiveCfg = Debug|Any CPU
		{7663E8D4-756B-4414-AD2A-3C73C3782FCF}.Debug|Any CPU.Build.0 = Debug|Any CPU
		{7663E8D4-756B-4414-AD2A-3C73C3782FCF}.Release|Any CPU.ActiveCfg = Release|Any CPU
		{7663E8D4-756B-4414-AD2A-3C73C3782FCF}.Release|Any CPU.Build.0 = Release|Any CPU
		{68631D39-7B12-49A1-A99C-C6063C9018CD}.Debug|Any CPU.ActiveCfg = Debug|Any CPU
		{68631D39-7B12-49A1-A99C-C6063C9018CD}.Debug|Any CPU.Build.0 = Debug|Any CPU
		{68631D39-7B12-49A1-A99C-C6063C9018CD}.Release|Any CPU.ActiveCfg = Release|Any CPU
		{68631D39-7B12-49A1-A99C-C6063C9018CD}.Release|Any CPU.Build.0 = Release|Any CPU
		{257CDFCC-0102-40B5-8CC0-0EA8127B6399}.Debug|Any CPU.ActiveCfg = Debug|Any CPU
		{257CDFCC-0102-40B5-8CC0-0EA8127B6399}.Debug|Any CPU.Build.0 = Debug|Any CPU
		{257CDFCC-0102-40B5-8CC0-0EA8127B6399}.Release|Any CPU.ActiveCfg = Release|Any CPU
		{257CDFCC-0102-40B5-8CC0-0EA8127B6399}.Release|Any CPU.Build.0 = Release|Any CPU
	EndGlobalSection
	GlobalSection(SolutionProperties) = preSolution
		HideSolutionNode = FALSE
	EndGlobalSection
	GlobalSection(ExtensibilityGlobals) = postSolution
		SolutionGuid = {EF1D9AE8-97B6-4526-9303-188DAFC4883F}
	EndGlobalSection
EndGlobal
