
Microsoft Visual Studio Solution File, Format Version 12.00
# Visual Studio Version 16
VisualStudioVersion = 16.0.29215.179
MinimumVisualStudioVersion = 10.0.40219.1
Project("{FAE04EC0-301F-11D3-BF4B-00C04F79EFBC}") = "Fetching results with ADO.NET", "Fetching results with ADO.NET\Fetching results with ADO.NET.csproj", "{951F25E5-72A7-4D41-97F4-32F3F9E336EF}"
EndProject
Global
	GlobalSection(SolutionConfigurationPlatforms) = preSolution
		Debug|Any CPU = Debug|Any CPU
		Release|Any CPU = Release|Any CPU
	EndGlobalSection
	GlobalSection(ProjectConfigurationPlatforms) = postSolution
		{951F25E5-72A7-4D41-97F4-32F3F9E336EF}.Debug|Any CPU.ActiveCfg = Debug|Any CPU
		{951F25E5-72A7-4D41-97F4-32F3F9E336EF}.Debug|Any CPU.Build.0 = Debug|Any CPU
		{951F25E5-72A7-4D41-97F4-32F3F9E336EF}.Release|Any CPU.ActiveCfg = Release|Any CPU
		{951F25E5-72A7-4D41-97F4-32F3F9E336EF}.Release|Any CPU.Build.0 = Release|Any CPU
	EndGlobalSection
	GlobalSection(SolutionProperties) = preSolution
		HideSolutionNode = FALSE
	EndGlobalSection
	GlobalSection(ExtensibilityGlobals) = postSolution
		SolutionGuid = {5D75B727-2783-4FD6-BAA5-664AADC4FB37}
	EndGlobalSection
EndGlobal
