
Microsoft Visual Studio Solution File, Format Version 12.00
# Visual Studio Version 16
VisualStudioVersion = 16.0.28922.388
MinimumVisualStudioVersion = 10.0.40219.1
Project("{9A19103F-16F7-4668-BE54-9A1E7A4F7556}") = "p01.Person", "p01.Person\p01.Person.csproj", "{7899E9DB-BF63-42F1-9B1F-B5FF14022DB2}"
EndProject
Project("{9A19103F-16F7-4668-BE54-9A1E7A4F7556}") = "Zoo", "P02.Zoo\Zoo.csproj", "{D8D96F90-5395-4F34-84A5-F2D2B535953F}"
EndProject
Project("{9A19103F-16F7-4668-BE54-9A1E7A4F7556}") = "PlayersAndMonsters", "P03.PlayersAndMonsters\PlayersAndMonsters.csproj", "{657D9808-3DDA-4247-B744-61882CB41E80}"
EndProject
Global
	GlobalSection(SolutionConfigurationPlatforms) = preSolution
		Debug|Any CPU = Debug|Any CPU
		Release|Any CPU = Release|Any CPU
	EndGlobalSection
	GlobalSection(ProjectConfigurationPlatforms) = postSolution
		{7899E9DB-BF63-42F1-9B1F-B5FF14022DB2}.Debug|Any CPU.ActiveCfg = Debug|Any CPU
		{7899E9DB-BF63-42F1-9B1F-B5FF14022DB2}.Debug|Any CPU.Build.0 = Debug|Any CPU
		{7899E9DB-BF63-42F1-9B1F-B5FF14022DB2}.Release|Any CPU.ActiveCfg = Release|Any CPU
		{7899E9DB-BF63-42F1-9B1F-B5FF14022DB2}.Release|Any CPU.Build.0 = Release|Any CPU
		{D8D96F90-5395-4F34-84A5-F2D2B535953F}.Debug|Any CPU.ActiveCfg = Debug|Any CPU
		{D8D96F90-5395-4F34-84A5-F2D2B535953F}.Debug|Any CPU.Build.0 = Debug|Any CPU
		{D8D96F90-5395-4F34-84A5-F2D2B535953F}.Release|Any CPU.ActiveCfg = Release|Any CPU
		{D8D96F90-5395-4F34-84A5-F2D2B535953F}.Release|Any CPU.Build.0 = Release|Any CPU
		{657D9808-3DDA-4247-B744-61882CB41E80}.Debug|Any CPU.ActiveCfg = Debug|Any CPU
		{657D9808-3DDA-4247-B744-61882CB41E80}.Debug|Any CPU.Build.0 = Debug|Any CPU
		{657D9808-3DDA-4247-B744-61882CB41E80}.Release|Any CPU.ActiveCfg = Release|Any CPU
		{657D9808-3DDA-4247-B744-61882CB41E80}.Release|Any CPU.Build.0 = Release|Any CPU
	EndGlobalSection
	GlobalSection(SolutionProperties) = preSolution
		HideSolutionNode = FALSE
	EndGlobalSection
	GlobalSection(ExtensibilityGlobals) = postSolution
		SolutionGuid = {ACD9803E-D653-4E0E-A546-E9C189C0427C}
	EndGlobalSection
EndGlobal
