
Microsoft Visual Studio Solution File, Format Version 12.00
# Visual Studio Version 16
VisualStudioVersion = 16.0.28922.388
MinimumVisualStudioVersion = 10.0.40219.1
Project("{9A19103F-16F7-4668-BE54-9A1E7A4F7556}") = "p01.The Garden", "p01\p01.The Garden.csproj", "{5D2EEEAC-C9B0-42B0-BA6C-94C242A093AA}"
EndProject
Project("{9A19103F-16F7-4668-BE54-9A1E7A4F7556}") = "p02", "p02\p02.csproj", "{59D3B494-491E-4AAC-9AF6-0F91FCD8F7D8}"
EndProject
Global
	GlobalSection(SolutionConfigurationPlatforms) = preSolution
		Debug|Any CPU = Debug|Any CPU
		Release|Any CPU = Release|Any CPU
	EndGlobalSection
	GlobalSection(ProjectConfigurationPlatforms) = postSolution
		{5D2EEEAC-C9B0-42B0-BA6C-94C242A093AA}.Debug|Any CPU.ActiveCfg = Debug|Any CPU
		{5D2EEEAC-C9B0-42B0-BA6C-94C242A093AA}.Debug|Any CPU.Build.0 = Debug|Any CPU
		{5D2EEEAC-C9B0-42B0-BA6C-94C242A093AA}.Release|Any CPU.ActiveCfg = Release|Any CPU
		{5D2EEEAC-C9B0-42B0-BA6C-94C242A093AA}.Release|Any CPU.Build.0 = Release|Any CPU
		{59D3B494-491E-4AAC-9AF6-0F91FCD8F7D8}.Debug|Any CPU.ActiveCfg = Debug|Any CPU
		{59D3B494-491E-4AAC-9AF6-0F91FCD8F7D8}.Debug|Any CPU.Build.0 = Debug|Any CPU
		{59D3B494-491E-4AAC-9AF6-0F91FCD8F7D8}.Release|Any CPU.ActiveCfg = Release|Any CPU
		{59D3B494-491E-4AAC-9AF6-0F91FCD8F7D8}.Release|Any CPU.Build.0 = Release|Any CPU
	EndGlobalSection
	GlobalSection(SolutionProperties) = preSolution
		HideSolutionNode = FALSE
	EndGlobalSection
	GlobalSection(ExtensibilityGlobals) = postSolution
		SolutionGuid = {3E523851-8867-4C40-BFC8-542D890B25C5}
	EndGlobalSection
EndGlobal
