
Microsoft Visual Studio Solution File, Format Version 12.00
# Visual Studio 15
VisualStudioVersion = 15.0.28307.438
MinimumVisualStudioVersion = 10.0.40219.1
Project("{FAE04EC0-301F-11D3-BF4B-00C04F79EFBC}") = "p01.Reverse Strings", "p01.Reverse Strings\p01.Reverse Strings.csproj", "{891C2E62-19B2-40DC-ACAE-A123FB6C8512}"
EndProject
Project("{FAE04EC0-301F-11D3-BF4B-00C04F79EFBC}") = "p02.Stack Sum", "p02.Stack Sum\p02.Stack Sum.csproj", "{4CE2CCC7-AD4F-4BF3-BAF5-F5305EFE83FF}"
EndProject
Global
	GlobalSection(SolutionConfigurationPlatforms) = preSolution
		Debug|Any CPU = Debug|Any CPU
		Release|Any CPU = Release|Any CPU
	EndGlobalSection
	GlobalSection(ProjectConfigurationPlatforms) = postSolution
		{891C2E62-19B2-40DC-ACAE-A123FB6C8512}.Debug|Any CPU.ActiveCfg = Debug|Any CPU
		{891C2E62-19B2-40DC-ACAE-A123FB6C8512}.Debug|Any CPU.Build.0 = Debug|Any CPU
		{891C2E62-19B2-40DC-ACAE-A123FB6C8512}.Release|Any CPU.ActiveCfg = Release|Any CPU
		{891C2E62-19B2-40DC-ACAE-A123FB6C8512}.Release|Any CPU.Build.0 = Release|Any CPU
		{4CE2CCC7-AD4F-4BF3-BAF5-F5305EFE83FF}.Debug|Any CPU.ActiveCfg = Debug|Any CPU
		{4CE2CCC7-AD4F-4BF3-BAF5-F5305EFE83FF}.Debug|Any CPU.Build.0 = Debug|Any CPU
		{4CE2CCC7-AD4F-4BF3-BAF5-F5305EFE83FF}.Release|Any CPU.ActiveCfg = Release|Any CPU
		{4CE2CCC7-AD4F-4BF3-BAF5-F5305EFE83FF}.Release|Any CPU.Build.0 = Release|Any CPU
	EndGlobalSection
	GlobalSection(SolutionProperties) = preSolution
		HideSolutionNode = FALSE
	EndGlobalSection
	GlobalSection(ExtensibilityGlobals) = postSolution
		SolutionGuid = {EF1D9AE8-97B6-4526-9303-188DAFC4883F}
	EndGlobalSection
EndGlobal
