
Microsoft Visual Studio Solution File, Format Version 12.00
# Visual Studio Version 16
VisualStudioVersion = 16.0.28803.452
MinimumVisualStudioVersion = 10.0.40219.1
Project("{9A19103F-16F7-4668-BE54-9A1E7A4F7556}") = "p01.Unique Usernames", "p01.Unique Usernames\p01.Unique Usernames.csproj", "{F59A5268-7ADE-405F-90CE-75EA19F72577}"
EndProject
Project("{FAE04EC0-301F-11D3-BF4B-00C04F79EFBC}") = "p02.Sets Of Elements", "p02.Sets Of Elements\p02.Sets Of Elements.csproj", "{92B45C23-8E5C-4645-B4C0-3BE89EDC5EFC}"
EndProject
Global
	GlobalSection(SolutionConfigurationPlatforms) = preSolution
		Debug|Any CPU = Debug|Any CPU
		Release|Any CPU = Release|Any CPU
	EndGlobalSection
	GlobalSection(ProjectConfigurationPlatforms) = postSolution
		{F59A5268-7ADE-405F-90CE-75EA19F72577}.Debug|Any CPU.ActiveCfg = Debug|Any CPU
		{F59A5268-7ADE-405F-90CE-75EA19F72577}.Debug|Any CPU.Build.0 = Debug|Any CPU
		{F59A5268-7ADE-405F-90CE-75EA19F72577}.Release|Any CPU.ActiveCfg = Release|Any CPU
		{F59A5268-7ADE-405F-90CE-75EA19F72577}.Release|Any CPU.Build.0 = Release|Any CPU
		{92B45C23-8E5C-4645-B4C0-3BE89EDC5EFC}.Debug|Any CPU.ActiveCfg = Debug|Any CPU
		{92B45C23-8E5C-4645-B4C0-3BE89EDC5EFC}.Debug|Any CPU.Build.0 = Debug|Any CPU
		{92B45C23-8E5C-4645-B4C0-3BE89EDC5EFC}.Release|Any CPU.ActiveCfg = Release|Any CPU
		{92B45C23-8E5C-4645-B4C0-3BE89EDC5EFC}.Release|Any CPU.Build.0 = Release|Any CPU
	EndGlobalSection
	GlobalSection(SolutionProperties) = preSolution
		HideSolutionNode = FALSE
	EndGlobalSection
	GlobalSection(ExtensibilityGlobals) = postSolution
		SolutionGuid = {6D0E44F1-0DB2-44EB-B0F4-88C5F3AF2A26}
	EndGlobalSection
EndGlobal
