
Microsoft Visual Studio Solution File, Format Version 12.00
# Visual Studio Version 16
VisualStudioVersion = 16.0.28922.388
MinimumVisualStudioVersion = 10.0.40219.1
Project("{9A19103F-16F7-4668-BE54-9A1E7A4F7556}") = "p01.RhombusOfStars", "p01.RhombusOfStars\p01.RhombusOfStars.csproj", "{A259D65B-5C79-4B17-B7C8-2A8839DAE094}"
EndProject
Project("{9A19103F-16F7-4668-BE54-9A1E7A4F7556}") = "p02.PointInRectangle", "p02.PointInRectangle\p02.PointInRectangle.csproj", "{95E5DDE5-7937-4A5B-BDF0-64A230F4DE75}"
EndProject
Project("{9A19103F-16F7-4668-BE54-9A1E7A4F7556}") = "p03.StudentSystem", "p03.StudentSystem\p03.StudentSystem.csproj", "{4BCE96B6-5021-4A10-ABB6-29B184338C5C}"
EndProject
Project("{FAE04EC0-301F-11D3-BF4B-00C04F79EFBC}") = "p04.HotelReservation", "p04.HotelReservation\p04.HotelReservation.csproj", "{A0C8FABD-E553-484E-8252-0AD755490815}"
EndProject
Global
	GlobalSection(SolutionConfigurationPlatforms) = preSolution
		Debug|Any CPU = Debug|Any CPU
		Release|Any CPU = Release|Any CPU
	EndGlobalSection
	GlobalSection(ProjectConfigurationPlatforms) = postSolution
		{A259D65B-5C79-4B17-B7C8-2A8839DAE094}.Debug|Any CPU.ActiveCfg = Debug|Any CPU
		{A259D65B-5C79-4B17-B7C8-2A8839DAE094}.Debug|Any CPU.Build.0 = Debug|Any CPU
		{A259D65B-5C79-4B17-B7C8-2A8839DAE094}.Release|Any CPU.ActiveCfg = Release|Any CPU
		{A259D65B-5C79-4B17-B7C8-2A8839DAE094}.Release|Any CPU.Build.0 = Release|Any CPU
		{95E5DDE5-7937-4A5B-BDF0-64A230F4DE75}.Debug|Any CPU.ActiveCfg = Debug|Any CPU
		{95E5DDE5-7937-4A5B-BDF0-64A230F4DE75}.Debug|Any CPU.Build.0 = Debug|Any CPU
		{95E5DDE5-7937-4A5B-BDF0-64A230F4DE75}.Release|Any CPU.ActiveCfg = Release|Any CPU
		{95E5DDE5-7937-4A5B-BDF0-64A230F4DE75}.Release|Any CPU.Build.0 = Release|Any CPU
		{4BCE96B6-5021-4A10-ABB6-29B184338C5C}.Debug|Any CPU.ActiveCfg = Debug|Any CPU
		{4BCE96B6-5021-4A10-ABB6-29B184338C5C}.Debug|Any CPU.Build.0 = Debug|Any CPU
		{4BCE96B6-5021-4A10-ABB6-29B184338C5C}.Release|Any CPU.ActiveCfg = Release|Any CPU
		{4BCE96B6-5021-4A10-ABB6-29B184338C5C}.Release|Any CPU.Build.0 = Release|Any CPU
		{A0C8FABD-E553-484E-8252-0AD755490815}.Debug|Any CPU.ActiveCfg = Debug|Any CPU
		{A0C8FABD-E553-484E-8252-0AD755490815}.Debug|Any CPU.Build.0 = Debug|Any CPU
		{A0C8FABD-E553-484E-8252-0AD755490815}.Release|Any CPU.ActiveCfg = Release|Any CPU
		{A0C8FABD-E553-484E-8252-0AD755490815}.Release|Any CPU.Build.0 = Release|Any CPU
	EndGlobalSection
	GlobalSection(SolutionProperties) = preSolution
		HideSolutionNode = FALSE
	EndGlobalSection
	GlobalSection(ExtensibilityGlobals) = postSolution
		SolutionGuid = {F2E42C82-9B0B-4B87-999B-CB570B4259FA}
	EndGlobalSection
EndGlobal
