
Microsoft Visual Studio Solution File, Format Version 12.00
# Visual Studio Version 16
VisualStudioVersion = 16.0.28922.388
MinimumVisualStudioVersion = 10.0.40219.1
Project("{FAE04EC0-301F-11D3-BF4B-00C04F79EFBC}") = "p01.Car", "p01.Car\p01.Car.csproj", "{C1FC275B-6A9A-43D6-92DC-99E5B589177B}"
EndProject
Global
	GlobalSection(SolutionConfigurationPlatforms) = preSolution
		Debug|Any CPU = Debug|Any CPU
		Release|Any CPU = Release|Any CPU
	EndGlobalSection
	GlobalSection(ProjectConfigurationPlatforms) = postSolution
		{C1FC275B-6A9A-43D6-92DC-99E5B589177B}.Debug|Any CPU.ActiveCfg = Debug|Any CPU
		{C1FC275B-6A9A-43D6-92DC-99E5B589177B}.Debug|Any CPU.Build.0 = Debug|Any CPU
		{C1FC275B-6A9A-43D6-92DC-99E5B589177B}.Release|Any CPU.ActiveCfg = Release|Any CPU
		{C1FC275B-6A9A-43D6-92DC-99E5B589177B}.Release|Any CPU.Build.0 = Release|Any CPU
	EndGlobalSection
	GlobalSection(SolutionProperties) = preSolution
		HideSolutionNode = FALSE
	EndGlobalSection
	GlobalSection(ExtensibilityGlobals) = postSolution
		SolutionGuid = {CDEAAB51-5AA8-4A11-BF70-3A5533752C61}
	EndGlobalSection
EndGlobal
