
Microsoft Visual Studio Solution File, Format Version 12.00
# Visual Studio Version 16
VisualStudioVersion = 16.0.28803.452
MinimumVisualStudioVersion = 10.0.40219.1
Project("{9A19103F-16F7-4668-BE54-9A1E7A4F7556}") = "p01.Diagonal Difference", "p01.Diagonal Difference\p01.Diagonal Difference.csproj", "{7A84CA15-A997-45A6-9B65-16CB56BEFEEB}"
EndProject
Project("{FAE04EC0-301F-11D3-BF4B-00C04F79EFBC}") = "p02.2x2 Squares in Matrix", "p02.2x2 Squares in Matrix\p02.2x2 Squares in Matrix.csproj", "{89EF4ECA-B7F7-4245-81E6-19D4F5C476E3}"
EndProject
Project("{FAE04EC0-301F-11D3-BF4B-00C04F79EFBC}") = "p03.Maximal Sum", "p03.Maximal Sum\p03.Maximal Sum.csproj", "{53B45497-5572-4E9F-A8E5-96A9600CA9D2}"
EndProject
Global
	GlobalSection(SolutionConfigurationPlatforms) = preSolution
		Debug|Any CPU = Debug|Any CPU
		Release|Any CPU = Release|Any CPU
	EndGlobalSection
	GlobalSection(ProjectConfigurationPlatforms) = postSolution
		{7A84CA15-A997-45A6-9B65-16CB56BEFEEB}.Debug|Any CPU.ActiveCfg = Debug|Any CPU
		{7A84CA15-A997-45A6-9B65-16CB56BEFEEB}.Debug|Any CPU.Build.0 = Debug|Any CPU
		{7A84CA15-A997-45A6-9B65-16CB56BEFEEB}.Release|Any CPU.ActiveCfg = Release|Any CPU
		{7A84CA15-A997-45A6-9B65-16CB56BEFEEB}.Release|Any CPU.Build.0 = Release|Any CPU
		{89EF4ECA-B7F7-4245-81E6-19D4F5C476E3}.Debug|Any CPU.ActiveCfg = Debug|Any CPU
		{89EF4ECA-B7F7-4245-81E6-19D4F5C476E3}.Debug|Any CPU.Build.0 = Debug|Any CPU
		{89EF4ECA-B7F7-4245-81E6-19D4F5C476E3}.Release|Any CPU.ActiveCfg = Release|Any CPU
		{89EF4ECA-B7F7-4245-81E6-19D4F5C476E3}.Release|Any CPU.Build.0 = Release|Any CPU
		{53B45497-5572-4E9F-A8E5-96A9600CA9D2}.Debug|Any CPU.ActiveCfg = Debug|Any CPU
		{53B45497-5572-4E9F-A8E5-96A9600CA9D2}.Debug|Any CPU.Build.0 = Debug|Any CPU
		{53B45497-5572-4E9F-A8E5-96A9600CA9D2}.Release|Any CPU.ActiveCfg = Release|Any CPU
		{53B45497-5572-4E9F-A8E5-96A9600CA9D2}.Release|Any CPU.Build.0 = Release|Any CPU
	EndGlobalSection
	GlobalSection(SolutionProperties) = preSolution
		HideSolutionNode = FALSE
	EndGlobalSection
	GlobalSection(ExtensibilityGlobals) = postSolution
		SolutionGuid = {78C91E76-72AC-4C4C-B176-354BF5C064E6}
	EndGlobalSection
EndGlobal
