
Microsoft Visual Studio Solution File, Format Version 12.00
# Visual Studio Version 16
VisualStudioVersion = 16.0.29418.71
MinimumVisualStudioVersion = 10.0.40219.1
Project("{FAE04EC0-301F-11D3-BF4B-00C04F79EFBC}") = "P03_SalesDatabase", "P03_SalesDatabase\P03_SalesDatabase.csproj", "{561065A6-216A-4C92-AEF2-73C01444545E}"
EndProject
Global
	GlobalSection(SolutionConfigurationPlatforms) = preSolution
		Debug|Any CPU = Debug|Any CPU
		Release|Any CPU = Release|Any CPU
	EndGlobalSection
	GlobalSection(ProjectConfigurationPlatforms) = postSolution
		{561065A6-216A-4C92-AEF2-73C01444545E}.Debug|Any CPU.ActiveCfg = Debug|Any CPU
		{561065A6-216A-4C92-AEF2-73C01444545E}.Debug|Any CPU.Build.0 = Debug|Any CPU
		{561065A6-216A-4C92-AEF2-73C01444545E}.Release|Any CPU.ActiveCfg = Release|Any CPU
		{561065A6-216A-4C92-AEF2-73C01444545E}.Release|Any CPU.Build.0 = Release|Any CPU
	EndGlobalSection
	GlobalSection(SolutionProperties) = preSolution
		HideSolutionNode = FALSE
	EndGlobalSection
	GlobalSection(ExtensibilityGlobals) = postSolution
		SolutionGuid = {C89C8039-13E3-4B58-B94C-92C6A62D075F}
	EndGlobalSection
EndGlobal
