
Microsoft Visual Studio Solution File, Format Version 12.00
# Visual Studio Version 16
VisualStudioVersion = 16.0.28803.452
MinimumVisualStudioVersion = 10.0.40219.1
Project("{9A19103F-16F7-4668-BE54-9A1E7A4F7556}") = "p01.Sort Even Numbers", "p01.Sort Even Numbers\p01.Sort Even Numbers.csproj", "{600E7D27-6DBA-454F-9B2D-C7056AD93304}"
EndProject
Project("{FAE04EC0-301F-11D3-BF4B-00C04F79EFBC}") = "p02.Sum Numbers", "p02.Sum Numbers\p02.Sum Numbers.csproj", "{54C0DCC3-82F3-454F-9D00-4BBE6B343FE5}"
EndProject
Project("{FAE04EC0-301F-11D3-BF4B-00C04F79EFBC}") = "p03.Count UpperCase Words", "p03.Count UpperCase Words\p03.Count UpperCase Words.csproj", "{823E1CB0-7B26-44EB-978A-43DF70F29B73}"
EndProject
Global
	GlobalSection(SolutionConfigurationPlatforms) = preSolution
		Debug|Any CPU = Debug|Any CPU
		Release|Any CPU = Release|Any CPU
	EndGlobalSection
	GlobalSection(ProjectConfigurationPlatforms) = postSolution
		{600E7D27-6DBA-454F-9B2D-C7056AD93304}.Debug|Any CPU.ActiveCfg = Debug|Any CPU
		{600E7D27-6DBA-454F-9B2D-C7056AD93304}.Debug|Any CPU.Build.0 = Debug|Any CPU
		{600E7D27-6DBA-454F-9B2D-C7056AD93304}.Release|Any CPU.ActiveCfg = Release|Any CPU
		{600E7D27-6DBA-454F-9B2D-C7056AD93304}.Release|Any CPU.Build.0 = Release|Any CPU
		{54C0DCC3-82F3-454F-9D00-4BBE6B343FE5}.Debug|Any CPU.ActiveCfg = Debug|Any CPU
		{54C0DCC3-82F3-454F-9D00-4BBE6B343FE5}.Debug|Any CPU.Build.0 = Debug|Any CPU
		{54C0DCC3-82F3-454F-9D00-4BBE6B343FE5}.Release|Any CPU.ActiveCfg = Release|Any CPU
		{54C0DCC3-82F3-454F-9D00-4BBE6B343FE5}.Release|Any CPU.Build.0 = Release|Any CPU
		{823E1CB0-7B26-44EB-978A-43DF70F29B73}.Debug|Any CPU.ActiveCfg = Debug|Any CPU
		{823E1CB0-7B26-44EB-978A-43DF70F29B73}.Debug|Any CPU.Build.0 = Debug|Any CPU
		{823E1CB0-7B26-44EB-978A-43DF70F29B73}.Release|Any CPU.ActiveCfg = Release|Any CPU
		{823E1CB0-7B26-44EB-978A-43DF70F29B73}.Release|Any CPU.Build.0 = Release|Any CPU
	EndGlobalSection
	GlobalSection(SolutionProperties) = preSolution
		HideSolutionNode = FALSE
	EndGlobalSection
	GlobalSection(ExtensibilityGlobals) = postSolution
		SolutionGuid = {B6CAFEED-26C2-436A-8B5D-212A57E9A319}
	EndGlobalSection
EndGlobal
