
Microsoft Visual Studio Solution File, Format Version 12.00
# Visual Studio Version 16
VisualStudioVersion = 16.0.28803.452
MinimumVisualStudioVersion = 10.0.40219.1
Project("{9A19103F-16F7-4668-BE54-9A1E7A4F7556}") = "p01.Count Same Values in Array", "p01.Count Same Values in Array\p01.Count Same Values in Array.csproj", "{7288C00D-38A6-4891-A577-20119768F954}"
EndProject
Project("{9A19103F-16F7-4668-BE54-9A1E7A4F7556}") = "p02.Average Student Grades", "p02.Average Student Grades\p02.Average Student Grades.csproj", "{06C4FB6D-2B29-4E8F-A93C-8728634A1F37}"
EndProject
Project("{9A19103F-16F7-4668-BE54-9A1E7A4F7556}") = "p03.Product Shop", "p03.Product Shop\p03.Product Shop.csproj", "{BDA8AB71-C97A-4A0A-9AD9-B2A1E0C8B164}"
EndProject
Project("{FAE04EC0-301F-11D3-BF4B-00C04F79EFBC}") = "p04.Cities by Continent and Cou", "p04.Cities by Continent and Cou\p04.Cities by Continent and Cou.csproj", "{CD73F543-E3CE-4D15-8732-A8F42740A269}"
EndProject
Project("{FAE04EC0-301F-11D3-BF4B-00C04F79EFBC}") = "p05.Record Unique Names", "p05.Record Unique Names\p05.Record Unique Names.csproj", "{96CF7710-FA05-4BBC-A94C-117DC9BA15EE}"
EndProject
Project("{FAE04EC0-301F-11D3-BF4B-00C04F79EFBC}") = "p06.Parking Lot", "p06.Parking Lot\p06.Parking Lot.csproj", "{AC80660F-1835-44CA-AE5C-3A04C6B6776C}"
EndProject
Global
	GlobalSection(SolutionConfigurationPlatforms) = preSolution
		Debug|Any CPU = Debug|Any CPU
		Release|Any CPU = Release|Any CPU
	EndGlobalSection
	GlobalSection(ProjectConfigurationPlatforms) = postSolution
		{7288C00D-38A6-4891-A577-20119768F954}.Debug|Any CPU.ActiveCfg = Debug|Any CPU
		{7288C00D-38A6-4891-A577-20119768F954}.Debug|Any CPU.Build.0 = Debug|Any CPU
		{7288C00D-38A6-4891-A577-20119768F954}.Release|Any CPU.ActiveCfg = Release|Any CPU
		{7288C00D-38A6-4891-A577-20119768F954}.Release|Any CPU.Build.0 = Release|Any CPU
		{06C4FB6D-2B29-4E8F-A93C-8728634A1F37}.Debug|Any CPU.ActiveCfg = Debug|Any CPU
		{06C4FB6D-2B29-4E8F-A93C-8728634A1F37}.Debug|Any CPU.Build.0 = Debug|Any CPU
		{06C4FB6D-2B29-4E8F-A93C-8728634A1F37}.Release|Any CPU.ActiveCfg = Release|Any CPU
		{06C4FB6D-2B29-4E8F-A93C-8728634A1F37}.Release|Any CPU.Build.0 = Release|Any CPU
		{BDA8AB71-C97A-4A0A-9AD9-B2A1E0C8B164}.Debug|Any CPU.ActiveCfg = Debug|Any CPU
		{BDA8AB71-C97A-4A0A-9AD9-B2A1E0C8B164}.Debug|Any CPU.Build.0 = Debug|Any CPU
		{BDA8AB71-C97A-4A0A-9AD9-B2A1E0C8B164}.Release|Any CPU.ActiveCfg = Release|Any CPU
		{BDA8AB71-C97A-4A0A-9AD9-B2A1E0C8B164}.Release|Any CPU.Build.0 = Release|Any CPU
		{CD73F543-E3CE-4D15-8732-A8F42740A269}.Debug|Any CPU.ActiveCfg = Debug|Any CPU
		{CD73F543-E3CE-4D15-8732-A8F42740A269}.Debug|Any CPU.Build.0 = Debug|Any CPU
		{CD73F543-E3CE-4D15-8732-A8F42740A269}.Release|Any CPU.ActiveCfg = Release|Any CPU
		{CD73F543-E3CE-4D15-8732-A8F42740A269}.Release|Any CPU.Build.0 = Release|Any CPU
		{96CF7710-FA05-4BBC-A94C-117DC9BA15EE}.Debug|Any CPU.ActiveCfg = Debug|Any CPU
		{96CF7710-FA05-4BBC-A94C-117DC9BA15EE}.Debug|Any CPU.Build.0 = Debug|Any CPU
		{96CF7710-FA05-4BBC-A94C-117DC9BA15EE}.Release|Any CPU.ActiveCfg = Release|Any CPU
		{96CF7710-FA05-4BBC-A94C-117DC9BA15EE}.Release|Any CPU.Build.0 = Release|Any CPU
		{AC80660F-1835-44CA-AE5C-3A04C6B6776C}.Debug|Any CPU.ActiveCfg = Debug|Any CPU
		{AC80660F-1835-44CA-AE5C-3A04C6B6776C}.Debug|Any CPU.Build.0 = Debug|Any CPU
		{AC80660F-1835-44CA-AE5C-3A04C6B6776C}.Release|Any CPU.ActiveCfg = Release|Any CPU
		{AC80660F-1835-44CA-AE5C-3A04C6B6776C}.Release|Any CPU.Build.0 = Release|Any CPU
	EndGlobalSection
	GlobalSection(SolutionProperties) = preSolution
		HideSolutionNode = FALSE
	EndGlobalSection
	GlobalSection(ExtensibilityGlobals) = postSolution
		SolutionGuid = {E379DACB-9F95-41DC-BA1B-7BA09F69184D}
	EndGlobalSection
EndGlobal
